
Microsoft Visual Studio Solution File, Format Version 12.00
# Visual Studio Version 17
VisualStudioVersion = 17.5.2.0
MinimumVisualStudioVersion = 10.0.40219.1
Project("{2150E333-8FDC-42A3-9474-1A3956D46DE8}") = "src", "src", "{827E0CD3-B72D-47B6-A68D-7590B98EB39B}"
EndProject
Project("{FAE04EC0-301F-11D3-BF4B-00C04F79EFBC}") = "Microsoft.Extensions.DependencyInjection.Scanner", "src\Microsoft.Extensions.DependencyInjection.Scanner\Microsoft.Extensions.DependencyInjection.Scanner.csproj", "{B34FC5D1-ACFD-9767-B333-87F0A7FDD1C4}"
EndProject
Project("{2150E333-8FDC-42A3-9474-1A3956D46DE8}") = "tests", "tests", "{0AB3BF05-4346-4AA6-1389-037BE0695223}"
EndProject
Project("{FAE04EC0-301F-11D3-BF4B-00C04F79EFBC}") = "Microsoft.Extensions.DependencyInjection.Scanner.Tests", "tests\Microsoft.Extensions.DependencyInjection.Scanner.Tests\Microsoft.Extensions.DependencyInjection.Scanner.Tests.csproj", "{8595D3B8-725B-4985-9A73-B88569616690}"
EndProject
Project("{FAE04EC0-301F-11D3-BF4B-00C04F79EFBC}") = "Microsoft.Extensions.DependencyInjection.Scanner.Abstractions", "src\Microsoft.Extensions.DependencyInjection.Scanner.Abstractions\Microsoft.Extensions.DependencyInjection.Scanner.Abstractions.csproj", "{CD1A3BD8-68B9-4A9E-BC99-2C23B4BA33E5}"
EndProject
Global
	GlobalSection(SolutionConfigurationPlatforms) = preSolution
		Debug|Any CPU = Debug|Any CPU
		Debug|x64 = Debug|x64
		Debug|x86 = Debug|x86
		Release|Any CPU = Release|Any CPU
		Release|x64 = Release|x64
		Release|x86 = Release|x86
	EndGlobalSection
	GlobalSection(ProjectConfigurationPlatforms) = postSolution
		{B34FC5D1-ACFD-9767-B333-87F0A7FDD1C4}.Debug|Any CPU.ActiveCfg = Debug|Any CPU
		{B34FC5D1-ACFD-9767-B333-87F0A7FDD1C4}.Debug|Any CPU.Build.0 = Debug|Any CPU
		{B34FC5D1-ACFD-9767-B333-87F0A7FDD1C4}.Debug|x64.ActiveCfg = Debug|Any CPU
		{B34FC5D1-ACFD-9767-B333-87F0A7FDD1C4}.Debug|x64.Build.0 = Debug|Any CPU
		{B34FC5D1-ACFD-9767-B333-87F0A7FDD1C4}.Debug|x86.ActiveCfg = Debug|Any CPU
		{B34FC5D1-ACFD-9767-B333-87F0A7FDD1C4}.Debug|x86.Build.0 = Debug|Any CPU
		{B34FC5D1-ACFD-9767-B333-87F0A7FDD1C4}.Release|Any CPU.ActiveCfg = Release|Any CPU
		{B34FC5D1-ACFD-9767-B333-87F0A7FDD1C4}.Release|Any CPU.Build.0 = Release|Any CPU
		{B34FC5D1-ACFD-9767-B333-87F0A7FDD1C4}.Release|x64.ActiveCfg = Release|Any CPU
		{B34FC5D1-ACFD-9767-B333-87F0A7FDD1C4}.Release|x64.Build.0 = Release|Any CPU
		{B34FC5D1-ACFD-9767-B333-87F0A7FDD1C4}.Release|x86.ActiveCfg = Release|Any CPU
		{B34FC5D1-ACFD-9767-B333-87F0A7FDD1C4}.Release|x86.Build.0 = Release|Any CPU
		{8595D3B8-725B-4985-9A73-B88569616690}.Debug|Any CPU.ActiveCfg = Debug|Any CPU
		{8595D3B8-725B-4985-9A73-B88569616690}.Debug|Any CPU.Build.0 = Debug|Any CPU
		{8595D3B8-725B-4985-9A73-B88569616690}.Debug|x64.ActiveCfg = Debug|Any CPU
		{8595D3B8-725B-4985-9A73-B88569616690}.Debug|x64.Build.0 = Debug|Any CPU
		{8595D3B8-725B-4985-9A73-B88569616690}.Debug|x86.ActiveCfg = Debug|Any CPU
		{8595D3B8-725B-4985-9A73-B88569616690}.Debug|x86.Build.0 = Debug|Any CPU
		{8595D3B8-725B-4985-9A73-B88569616690}.Release|Any CPU.ActiveCfg = Release|Any CPU
		{8595D3B8-725B-4985-9A73-B88569616690}.Release|Any CPU.Build.0 = Release|Any CPU
		{8595D3B8-725B-4985-9A73-B88569616690}.Release|x64.ActiveCfg = Release|Any CPU
		{8595D3B8-725B-4985-9A73-B88569616690}.Release|x64.Build.0 = Release|Any CPU
		{8595D3B8-725B-4985-9A73-B88569616690}.Release|x86.ActiveCfg = Release|Any CPU
		{8595D3B8-725B-4985-9A73-B88569616690}.Release|x86.Build.0 = Release|Any CPU
		{CD1A3BD8-68B9-4A9E-BC99-2C23B4BA33E5}.Debug|Any CPU.ActiveCfg = Debug|Any CPU
		{CD1A3BD8-68B9-4A9E-BC99-2C23B4BA33E5}.Debug|Any CPU.Build.0 = Debug|Any CPU
		{CD1A3BD8-68B9-4A9E-BC99-2C23B4BA33E5}.Debug|x64.ActiveCfg = Debug|Any CPU
		{CD1A3BD8-68B9-4A9E-BC99-2C23B4BA33E5}.Debug|x64.Build.0 = Debug|Any CPU
		{CD1A3BD8-68B9-4A9E-BC99-2C23B4BA33E5}.Debug|x86.ActiveCfg = Debug|Any CPU
		{CD1A3BD8-68B9-4A9E-BC99-2C23B4BA33E5}.Debug|x86.Build.0 = Debug|Any CPU
		{CD1A3BD8-68B9-4A9E-BC99-2C23B4BA33E5}.Release|Any CPU.ActiveCfg = Release|Any CPU
		{CD1A3BD8-68B9-4A9E-BC99-2C23B4BA33E5}.Release|Any CPU.Build.0 = Release|Any CPU
		{CD1A3BD8-68B9-4A9E-BC99-2C23B4BA33E5}.Release|x64.ActiveCfg = Release|Any CPU
		{CD1A3BD8-68B9-4A9E-BC99-2C23B4BA33E5}.Release|x64.Build.0 = Release|Any CPU
		{CD1A3BD8-68B9-4A9E-BC99-2C23B4BA33E5}.Release|x86.ActiveCfg = Release|Any CPU
		{CD1A3BD8-68B9-4A9E-BC99-2C23B4BA33E5}.Release|x86.Build.0 = Release|Any CPU
	EndGlobalSection
	GlobalSection(SolutionProperties) = preSolution
		HideSolutionNode = FALSE
	EndGlobalSection
	GlobalSection(NestedProjects) = preSolution
		{B34FC5D1-ACFD-9767-B333-87F0A7FDD1C4} = {827E0CD3-B72D-47B6-A68D-7590B98EB39B}
		{8595D3B8-725B-4985-9A73-B88569616690} = {0AB3BF05-4346-4AA6-1389-037BE0695223}
		{CD1A3BD8-68B9-4A9E-BC99-2C23B4BA33E5} = {827E0CD3-B72D-47B6-A68D-7590B98EB39B}
	EndGlobalSection
	GlobalSection(ExtensibilityGlobals) = postSolution
		SolutionGuid = {0016D6B1-332B-4BC8-AA69-1933FD7544C2}
	EndGlobalSection
EndGlobal
